
Microsoft Visual Studio Solution File, Format Version 12.00
# Visual Studio 15
VisualStudioVersion = 15.0.28307.271
MinimumVisualStudioVersion = 10.0.40219.1
Project("{FAE04EC0-301F-11D3-BF4B-00C04F79EFBC}") = "WindowsFormsApp1", "WindowsFormsApp1\WindowsFormsApp1.csproj", "{2EFA6637-84F3-4160-84F9-EA903E241388}"
EndProject
Project("{FAE04EC0-301F-11D3-BF4B-00C04F79EFBC}") = "ConsoleApp1", "ConsoleApp1\ConsoleApp1.csproj", "{CAC94B40-F407-47F8-90F0-08E18C39F547}"
EndProject
Project("{FAE04EC0-301F-11D3-BF4B-00C04F79EFBC}") = "Criador", "Criador\Criador.csproj", "{AE8B8346-DA66-4986-8F14-7ACEFD08FBD0}"
EndProject
Project("{FAE04EC0-301F-11D3-BF4B-00C04F79EFBC}") = "WinTeste", "WinTeste\WinTeste.csproj", "{3FFC0BAE-A93B-4605-85E2-58907C7004E9}"
EndProject
Global
	GlobalSection(SolutionConfigurationPlatforms) = preSolution
		Debug|Any CPU = Debug|Any CPU
		Release|Any CPU = Release|Any CPU
	EndGlobalSection
	GlobalSection(ProjectConfigurationPlatforms) = postSolution
		{2EFA6637-84F3-4160-84F9-EA903E241388}.Debug|Any CPU.ActiveCfg = Debug|Any CPU
		{2EFA6637-84F3-4160-84F9-EA903E241388}.Debug|Any CPU.Build.0 = Debug|Any CPU
		{2EFA6637-84F3-4160-84F9-EA903E241388}.Release|Any CPU.ActiveCfg = Release|Any CPU
		{2EFA6637-84F3-4160-84F9-EA903E241388}.Release|Any CPU.Build.0 = Release|Any CPU
		{CAC94B40-F407-47F8-90F0-08E18C39F547}.Debug|Any CPU.ActiveCfg = Debug|Any CPU
		{CAC94B40-F407-47F8-90F0-08E18C39F547}.Debug|Any CPU.Build.0 = Debug|Any CPU
		{CAC94B40-F407-47F8-90F0-08E18C39F547}.Release|Any CPU.ActiveCfg = Release|Any CPU
		{CAC94B40-F407-47F8-90F0-08E18C39F547}.Release|Any CPU.Build.0 = Release|Any CPU
		{AE8B8346-DA66-4986-8F14-7ACEFD08FBD0}.Debug|Any CPU.ActiveCfg = Debug|Any CPU
		{AE8B8346-DA66-4986-8F14-7ACEFD08FBD0}.Debug|Any CPU.Build.0 = Debug|Any CPU
		{AE8B8346-DA66-4986-8F14-7ACEFD08FBD0}.Release|Any CPU.ActiveCfg = Release|Any CPU
		{AE8B8346-DA66-4986-8F14-7ACEFD08FBD0}.Release|Any CPU.Build.0 = Release|Any CPU
		{3FFC0BAE-A93B-4605-85E2-58907C7004E9}.Debug|Any CPU.ActiveCfg = Debug|Any CPU
		{3FFC0BAE-A93B-4605-85E2-58907C7004E9}.Debug|Any CPU.Build.0 = Debug|Any CPU
		{3FFC0BAE-A93B-4605-85E2-58907C7004E9}.Release|Any CPU.ActiveCfg = Release|Any CPU
		{3FFC0BAE-A93B-4605-85E2-58907C7004E9}.Release|Any CPU.Build.0 = Release|Any CPU
	EndGlobalSection
	GlobalSection(SolutionProperties) = preSolution
		HideSolutionNode = FALSE
	EndGlobalSection
	GlobalSection(ExtensibilityGlobals) = postSolution
		SolutionGuid = {230D106A-B538-4ED7-9E95-46DD7F7A892A}
	EndGlobalSection
EndGlobal
